Microsoft Visual Studio Solution File, Format Version 12.00
# Visual Studio Version 17
VisualStudioVersion = 17.5.2.0
MinimumVisualStudioVersion = 10.0.40219.1
Project("{FAE04EC0-301F-11D3-BF4B-00C04F79EFBC}") = "MyWeb", "MyWeb.csproj", "{AB32DA86-24DA-2DB6-EE8A-F03AE1DA8D6A}"
EndProject
Global
	GlobalSection(SolutionConfigurationPlatforms) = preSolution
		Debug|Any CPU = Debug|Any CPU
		Release|Any CPU = Release|Any CPU
	EndGlobalSection
	GlobalSection(ProjectConfigurationPlatforms) = postSolution
		{AB32DA86-24DA-2DB6-EE8A-F03AE1DA8D6A}.Debug|Any CPU.ActiveCfg = Debug|Any CPU
		{AB32DA86-24DA-2DB6-EE8A-F03AE1DA8D6A}.Debug|Any CPU.Build.0 = Debug|Any CPU
		{AB32DA86-24DA-2DB6-EE8A-F03AE1DA8D6A}.Release|Any CPU.ActiveCfg = Release|Any CPU
		{AB32DA86-24DA-2DB6-EE8A-F03AE1DA8D6A}.Release|Any CPU.Build.0 = Release|Any CPU
	EndGlobalSection
	GlobalSection(SolutionProperties) = preSolution
		HideSolutionNode = FALSE
	EndGlobalSection
	GlobalSection(ExtensibilityGlobals) = postSolution
		SolutionGuid = {40F548CE-EB65-428E-8ABA-2C084AED1746}
	EndGlobalSection
EndGlobal
